// !$*UTF8*$!
{
	archiveVersion = 1;
	classes = {
	};
	objectVersion = 55;
	objects = {

/* Begin PBXBuildFile section */
		0C357A34B69C601E86E0BE70 /* Pods_flixsterTests.framework in Frameworks */ = {isa = PBXBuildFile; fileRef = 4BB5FD80BE110C8969A343BD /* Pods_flixsterTests.framework */; };
		15B47CBEC01F602871DE6FA6 /* Pods_flixster_flixsterUITests.framework in Frameworks */ = {isa = PBXBuildFile; fileRef = 5CF5DFAEC0F5AFFE2E5D5E40 /* Pods_flixster_flixsterUITests.framework */; };
		2231C3BE27CEBDCD0055D090 /* MovieDetailsViewController.swift in Sources */ = {isa = PBXBuildFile; fileRef = 2231C3BD27CEBDCD0055D090 /* MovieDetailsViewController.swift */; };
		225374AA27CF24B2001D872A /* MovieGridViewController.swift in Sources */ = {isa = PBXBuildFile; fileRef = 225374A927CF24B2001D872A /* MovieGridViewController.swift */; };
		225374AC27CF2B7B001D872A /* MovieGridCell.swift in Sources */ = {isa = PBXBuildFile; fileRef = 225374AB27CF2B7B001D872A /* MovieGridCell.swift */; };
		22B428FB27C9CC4E00E73626 /* AppDelegate.swift in Sources */ = {isa = PBXBuildFile; fileRef = 22B428FA27C9CC4E00E73626 /* AppDelegate.swift */; };
		22B428FD27C9CC4E00E73626 /* SceneDelegate.swift in Sources */ = {isa = PBXBuildFile; fileRef = 22B428FC27C9CC4E00E73626 /* SceneDelegate.swift */; };
		22B428FF27C9CC4E00E73626 /* ViewController.swift in Sources */ = {isa = PBXBuildFile; fileRef = 22B428FE27C9CC4E00E73626 /* ViewController.swift */; };
		22B4290227C9CC4E00E73626 /* Main.storyboard in Resources */ = {isa = PBXBuildFile; fileRef = 22B4290027C9CC4E00E73626 /* Main.storyboard */; };
		22B4290427C9CC4F00E73626 /* Assets.xcassets in Resources */ = {isa = PBXBuildFile; fileRef = 22B4290327C9CC4F00E73626 /* Assets.xcassets */; };
		22B4290727C9CC4F00E73626 /* LaunchScreen.storyboard in Resources */ = {isa = PBXBuildFile; fileRef = 22B4290527C9CC4F00E73626 /* LaunchScreen.storyboard */; };
		22B4291227C9CC4F00E73626 /* flixsterTests.swift in Sources */ = {isa = PBXBuildFile; fileRef = 22B4291127C9CC4F00E73626 /* flixsterTests.swift */; };
		22B4291C27C9CC4F00E73626 /* flixsterUITests.swift in Sources */ = {isa = PBXBuildFile; fileRef = 22B4291B27C9CC4F00E73626 /* flixsterUITests.swift */; };
		22B4291E27C9CC4F00E73626 /* flixsterUITestsLaunchTests.swift in Sources */ = {isa = PBXBuildFile; fileRef = 22B4291D27C9CC4F00E73626 /* flixsterUITestsLaunchTests.swift */; };
		22B4292B27C9CF2E00E73626 /* MoviesViewController.swift in Sources */ = {isa = PBXBuildFile; fileRef = 22B4292A27C9CF2E00E73626 /* MoviesViewController.swift */; };
		22B4292F27C9D3BF00E73626 /* MovieCell.swift in Sources */ = {isa = PBXBuildFile; fileRef = 22B4292E27C9D3BF00E73626 /* MovieCell.swift */; };
		DA0B34D76659711BAA73FD8F /* Pods_flixster.framework in Frameworks */ = {isa = PBXBuildFile; fileRef = 41264D1E6B7DBDF16AF6D4BF /* Pods_flixster.framework */; };
/* End PBXBuildFile section */

/* Begin PBXContainerItemProxy section */
		22B4290E27C9CC4F00E73626 /* PBXContainerItemProxy */ = {
			isa = PBXContainerItemProxy;
			containerPortal = 22B428EF27C9CC4E00E73626 /* Project object */;
			proxyType = 1;
			remoteGlobalIDString = 22B428F627C9CC4E00E73626;
			remoteInfo = flixster;
		};
		22B4291827C9CC4F00E73626 /* PBXContainerItemProxy */ = {
			isa = PBXContainerItemProxy;
			containerPortal = 22B428EF27C9CC4E00E73626 /* Project object */;
			proxyType = 1;
			remoteGlobalIDString = 22B428F627C9CC4E00E73626;
			remoteInfo = flixster;
		};
/* End PBXContainerItemProxy section */

/* Begin PBXFileReference section */
		15F4A40B62DF8D33868AA1C1 /* Pods-flixster.release.xcconfig */ = {isa = PBXFileReference; includeInIndex = 1; lastKnownFileType = text.xcconfig; name = "Pods-flixster.release.xcconfig"; path = "Target Support Files/Pods-flixster/Pods-flixster.release.xcconfig"; sourceTree = "<group>"; };
		1DC929A912A9D6AA6C97B135 /* Pods-flixster.debug.xcconfig */ = {isa = PBXFileReference; includeInIndex = 1; lastKnownFileType = text.xcconfig; name = "Pods-flixster.debug.xcconfig"; path = "Target Support Files/Pods-flixster/Pods-flixster.debug.xcconfig"; sourceTree = "<group>"; };
		2231C3BD27CEBDCD0055D090 /* MovieDetailsViewController.swift */ = {isa = PBXFileReference; lastKnownFileType = sourcecode.swift; path = MovieDetailsViewController.swift; sourceTree = "<group>"; };
		225374A927CF24B2001D872A /* MovieGridViewController.swift */ = {isa = PBXFileReference; lastKnownFileType = sourcecode.swift; path = MovieGridViewController.swift; sourceTree = "<group>"; };
		225374AB27CF2B7B001D872A /* MovieGridCell.swift */ = {isa = PBXFileReference; lastKnownFileType = sourcecode.swift; path = MovieGridCell.swift; sourceTree = "<group>"; };
		22B428F727C9CC4E00E73626 /* flixster.app */ = {isa = PBXFileReference; explicitFileType = wrapper.application; includeInIndex = 0; path = flixster.app; sourceTree = BUILT_PRODUCTS_DIR; };
		22B428FA27C9CC4E00E73626 /* AppDelegate.swift */ = {isa = PBXFileReference; lastKnownFileType = sourcecode.swift; path = AppDelegate.swift; sourceTree = "<group>"; };
		22B428FC27C9CC4E00E73626 /* SceneDelegate.swift */ = {isa = PBXFileReference; lastKnownFileType = sourcecode.swift; path = SceneDelegate.swift; sourceTree = "<group>"; };
		22B428FE27C9CC4E00E73626 /* ViewController.swift */ = {isa = PBXFileReference; lastKnownFileType = sourcecode.swift; path = ViewController.swift; sourceTree = "<group>"; };
		22B4290127C9CC4E00E73626 /* Base */ = {isa = PBXFileReference; lastKnownFileType = file.storyboard; name = Base; path = Base.lproj/Main.storyboard; sourceTree = "<group>"; };
		22B4290327C9CC4F00E73626 /* Assets.xcassets */ = {isa = PBXFileReference; lastKnownFileType = folder.assetcatalog; path = Assets.xcassets; sourceTree = "<group>"; };
		22B4290627C9CC4F00E73626 /* Base */ = {isa = PBXFileReference; lastKnownFileType = file.storyboard; name = Base; path = Base.lproj/LaunchScreen.storyboard; sourceTree = "<group>"; };
		22B4290827C9CC4F00E73626 /* Info.plist */ = {isa = PBXFileReference; lastKnownFileType = text.plist.xml; path = Info.plist; sourceTree = "<group>"; };
		22B4290D27C9CC4F00E73626 /* flixsterTests.xctest */ = {isa = PBXFileReference; explicitFileType = wrapper.cfbundle; includeInIndex = 0; path = flixsterTests.xctest; sourceTree = BUILT_PRODUCTS_DIR; };
		22B4291127C9CC4F00E73626 /* flixsterTests.swift */ = {isa = PBXFileReference; lastKnownFileType = sourcecode.swift; path = flixsterTests.swift; sourceTree = "<group>"; };
		22B4291727C9CC4F00E73626 /* flixsterUITests.xctest */ = {isa = PBXFileReference; explicitFileType = wrapper.cfbundle; includeInIndex = 0; path = flixsterUITests.xctest; sourceTree = BUILT_PRODUCTS_DIR; };
		22B4291B27C9CC4F00E73626 /* flixsterUITests.swift */ = {isa = PBXFileReference; lastKnownFileType = sourcecode.swift; path = flixsterUITests.swift; sourceTree = "<group>"; };
		22B4291D27C9CC4F00E73626 /* flixsterUITestsLaunchTests.swift */ = {isa = PBXFileReference; lastKnownFileType = sourcecode.swift; path = flixsterUITestsLaunchTests.swift; sourceTree = "<group>"; };
		22B4292A27C9CF2E00E73626 /* MoviesViewController.swift */ = {isa = PBXFileReference; lastKnownFileType = sourcecode.swift; path = MoviesViewController.swift; sourceTree = "<group>"; };
		22B4292E27C9D3BF00E73626 /* MovieCell.swift */ = {isa = PBXFileReference; lastKnownFileType = sourcecode.swift; path = MovieCell.swift; sourceTree = "<group>"; };
		41264D1E6B7DBDF16AF6D4BF /* Pods_flixster.framework */ = {isa = PBXFileReference; explicitFileType = wrapper.framework; includeInIndex = 0; path = Pods_flixster.framework; sourceTree = BUILT_PRODUCTS_DIR; };
		4BB5FD80BE110C8969A343BD /* Pods_flixsterTests.framework */ = {isa = PBXFileReference; explicitFileType = wrapper.framework; includeInIndex = 0; path = Pods_flixsterTests.framework; sourceTree = BUILT_PRODUCTS_DIR; };
		5CF5DFAEC0F5AFFE2E5D5E40 /* Pods_flixster_flixsterUITests.framework */ = {isa = PBXFileReference; explicitFileType = wrapper.framework; includeInIndex = 0; path = Pods_flixster_flixsterUITests.framework; sourceTree = BUILT_PRODUCTS_DIR; };
		A79992B302A668F95798F5F6 /* Pods-flixsterTests.release.xcconfig */ = {isa = PBXFileReference; includeInIndex = 1; lastKnownFileType = text.xcconfig; name = "Pods-flixsterTests.release.xcconfig"; path = "Target Support Files/Pods-flixsterTests/Pods-flixsterTests.release.xcconfig"; sourceTree = "<group>"; };
		B97E2865848A271125A6FEBC /* Pods-flixster-flixsterUITests.release.xcconfig */ = {isa = PBXFileReference; includeInIndex = 1; lastKnownFileType = text.xcconfig; name = "Pods-flixster-flixsterUITests.release.xcconfig"; path = "Target Support Files/Pods-flixster-flixsterUITests/Pods-flixster-flixsterUITests.release.xcconfig"; sourceTree = "<group>"; };
		C4E598EFB5134B62D49EF6E2 /* Pods-flixsterTests.debug.xcconfig */ = {isa = PBXFileReference; includeInIndex = 1; lastKnownFileType = text.xcconfig; name = "Pods-flixsterTests.debug.xcconfig"; path = "Target Support Files/Pods-flixsterTests/Pods-flixsterTests.debug.xcconfig"; sourceTree = "<group>"; };
		D24026414C7171F18FF70313 /* Pods-flixster-flixsterUITests.debug.xcconfig */ = {isa = PBXFileReference; includeInIndex = 1; lastKnownFileType = text.xcconfig; name = "Pods-flixster-flixsterUITests.debug.xcconfig"; path = "Target Support Files/Pods-flixster-flixsterUITests/Pods-flixster-flixsterUITests.debug.xcconfig"; sourceTree = "<group>"; };
/* End PBXFileReference section */

/* Begin PBXFrameworksBuildPhase section */
		22B428F427C9CC4E00E73626 /* Frameworks */ = {
			isa = PBXFrameworksBuildPhase;
			buildActionMask = 2147483647;
			files = (
				DA0B34D76659711BAA73FD8F /* Pods_flixster.framework in Frameworks */,
			);
			runOnlyForDeploymentPostprocessing = 0;
		};
		22B4290A27C9CC4F00E73626 /* Frameworks */ = {
			isa = PBXFrameworksBuildPhase;
			buildActionMask = 2147483647;
			files = (
				0C357A34B69C601E86E0BE70 /* Pods_flixsterTests.framework in Frameworks */,
			);
			runOnlyForDeploymentPostprocessing = 0;
		};
		22B4291427C9CC4F00E73626 /* Frameworks */ = {
			isa = PBXFrameworksBuildPhase;
			buildActionMask = 2147483647;
			files = (
				15B47CBEC01F602871DE6FA6 /* Pods_flixster_flixsterUITests.framework in Frameworks */,
			);
			runOnlyForDeploymentPostprocessing = 0;
		};
/* End PBXFrameworksBuildPhase section */

/* Begin PBXGroup section */
		22B428EE27C9CC4E00E73626 = {
			isa = PBXGroup;
			children = (
				22B428F927C9CC4E00E73626 /* flixster */,
				22B4291027C9CC4F00E73626 /* flixsterTests */,
				22B4291A27C9CC4F00E73626 /* flixsterUITests */,
				22B428F827C9CC4E00E73626 /* Products */,
				61C3CCCC429700356D1CFB27 /* Pods */,
				FD9189F322AD29E3C79F98AF /* Frameworks */,
			);
			sourceTree = "<group>";
		};
		22B428F827C9CC4E00E73626 /* Products */ = {
			isa = PBXGroup;
			children = (
				22B428F727C9CC4E00E73626 /* flixster.app */,
				22B4290D27C9CC4F00E73626 /* flixsterTests.xctest */,
				22B4291727C9CC4F00E73626 /* flixsterUITests.xctest */,
			);
			name = Products;
			sourceTree = "<group>";
		};
		22B428F927C9CC4E00E73626 /* flixster */ = {
			isa = PBXGroup;
			children = (
				22B428FA27C9CC4E00E73626 /* AppDelegate.swift */,
				22B428FC27C9CC4E00E73626 /* SceneDelegate.swift */,
				22B428FE27C9CC4E00E73626 /* ViewController.swift */,
				22B4290027C9CC4E00E73626 /* Main.storyboard */,
				22B4292A27C9CF2E00E73626 /* MoviesViewController.swift */,
				225374A927CF24B2001D872A /* MovieGridViewController.swift */,
				2231C3BD27CEBDCD0055D090 /* MovieDetailsViewController.swift */,
				225374AB27CF2B7B001D872A /* MovieGridCell.swift */,
				22B4292E27C9D3BF00E73626 /* MovieCell.swift */,
				22B4290327C9CC4F00E73626 /* Assets.xcassets */,
				22B4290527C9CC4F00E73626 /* LaunchScreen.storyboard */,
				22B4290827C9CC4F00E73626 /* Info.plist */,
			);
			path = flixster;
			sourceTree = "<group>";
		};
		22B4291027C9CC4F00E73626 /* flixsterTests */ = {
			isa = PBXGroup;
			children = (
				22B4291127C9CC4F00E73626 /* flixsterTests.swift */,
			);
			path = flixsterTests;
			sourceTree = "<group>";
		};
		22B4291A27C9CC4F00E73626 /* flixsterUITests */ = {
			isa = PBXGroup;
			children = (
				22B4291B27C9CC4F00E73626 /* flixsterUITests.swift */,
				22B4291D27C9CC4F00E73626 /* flixsterUITestsLaunchTests.swift */,
			);
			path = flixsterUITests;
			sourceTree = "<group>";
		};
		61C3CCCC429700356D1CFB27 /* Pods */ = {
			isa = PBXGroup;
			children = (
				1DC929A912A9D6AA6C97B135 /* Pods-flixster.debug.xcconfig */,
				15F4A40B62DF8D33868AA1C1 /* Pods-flixster.release.xcconfig */,
				D24026414C7171F18FF70313 /* Pods-flixster-flixsterUITests.debug.xcconfig */,
				B97E2865848A271125A6FEBC /* Pods-flixster-flixsterUITests.release.xcconfig */,
				C4E598EFB5134B62D49EF6E2 /* Pods-flixsterTests.debug.xcconfig */,
				A79992B302A668F95798F5F6 /* Pods-flixsterTests.release.xcconfig */,
			);
			path = Pods;
			sourceTree = "<group>";
		};
		FD9189F322AD29E3C79F98AF /* Frameworks */ = {
			isa = PBXGroup;
			children = (
				41264D1E6B7DBDF16AF6D4BF /* Pods_flixster.framework */,
				5CF5DFAEC0F5AFFE2E5D5E40 /* Pods_flixster_flixsterUITests.framework */,
				4BB5FD80BE110C8969A343BD /* Pods_flixsterTests.framework */,
			);
			name = Frameworks;
			sourceTree = "<group>";
		};
/* End PBXGroup section */

/* Begin PBXNativeTarget section */
		22B428F627C9CC4E00E73626 /* flixster */ = {
			isa = PBXNativeTarget;
			buildConfigurationList = 22B4292127C9CC4F00E73626 /* Build configuration list for PBXNativeTarget "flixster" */;
			buildPhases = (
				851FD4BFB614E4D1EFF89D68 /* [CP] Check Pods Manifest.lock */,
				22B428F327C9CC4E00E73626 /* Sources */,
				22B428F427C9CC4E00E73626 /* Frameworks */,
				22B428F527C9CC4E00E73626 /* Resources */,
				5812427BC1BA8848ABE0D08F /* [CP] Embed Pods Frameworks */,
			);
			buildRules = (
			);
			dependencies = (
			);
			name = flixster;
			productName = flixster;
			productReference = 22B428F727C9CC4E00E73626 /* flixster.app */;
			productType = "com.apple.product-type.application";
		};
		22B4290C27C9CC4F00E73626 /* flixsterTests */ = {
			isa = PBXNativeTarget;
			buildConfigurationList = 22B4292427C9CC4F00E73626 /* Build configuration list for PBXNativeTarget "flixsterTests" */;
			buildPhases = (
				96B77D8C87FC8ECFB43BAFCB /* [CP] Check Pods Manifest.lock */,
				22B4290927C9CC4F00E73626 /* Sources */,
				22B4290A27C9CC4F00E73626 /* Frameworks */,
				22B4290B27C9CC4F00E73626 /* Resources */,
			);
			buildRules = (
			);
			dependencies = (
				22B4290F27C9CC4F00E73626 /* PBXTargetDependency */,
			);
			name = flixsterTests;
			productName = flixsterTests;
			productReference = 22B4290D27C9CC4F00E73626 /* flixsterTests.xctest */;
			productType = "com.apple.product-type.bundle.unit-test";
		};
		22B4291627C9CC4F00E73626 /* flixsterUITests */ = {
			isa = PBXNativeTarget;
			buildConfigurationList = 22B4292727C9CC4F00E73626 /* Build configuration list for PBXNativeTarget "flixsterUITests" */;
			buildPhases = (
				56A7467731F378D38A1F5D40 /* [CP] Check Pods Manifest.lock */,
				22B4291327C9CC4F00E73626 /* Sources */,
				22B4291427C9CC4F00E73626 /* Frameworks */,
				22B4291527C9CC4F00E73626 /* Resources */,
				D180AE8C0348B5156E647C93 /* [CP] Embed Pods Frameworks */,
			);
			buildRules = (
			);
			dependencies = (
				22B4291927C9CC4F00E73626 /* PBXTargetDependency */,
			);
			name = flixsterUITests;
			productName = flixsterUITests;
			productReference = 22B4291727C9CC4F00E73626 /* flixsterUITests.xctest */;
			productType = "com.apple.product-type.bundle.ui-testing";
		};
/* End PBXNativeTarget section */

/* Begin PBXProject section */
		22B428EF27C9CC4E00E73626 /* Project object */ = {
			isa = PBXProject;
			attributes = {
				BuildIndependentTargetsInParallel = 1;
				LastSwiftUpdateCheck = 1320;
				LastUpgradeCheck = 1320;
				TargetAttributes = {
					22B428F627C9CC4E00E73626 = {
						CreatedOnToolsVersion = 13.2.1;
					};
					22B4290C27C9CC4F00E73626 = {
						CreatedOnToolsVersion = 13.2.1;
						TestTargetID = 22B428F627C9CC4E00E73626;
					};
					22B4291627C9CC4F00E73626 = {
						CreatedOnToolsVersion = 13.2.1;
						TestTargetID = 22B428F627C9CC4E00E73626;
					};
				};
			};
			buildConfigurationList = 22B428F227C9CC4E00E73626 /* Build configuration list for PBXProject "flixster" */;
			compatibilityVersion = "Xcode 13.0";
			developmentRegion = en;
			hasScannedForEncodings = 0;
			knownRegions = (
				en,
				Base,
			);
			mainGroup = 22B428EE27C9CC4E00E73626;
			productRefGroup = 22B428F827C9CC4E00E73626 /* Products */;
			projectDirPath = "";
			projectRoot = "";
			targets = (
				22B428F627C9CC4E00E73626 /* flixster */,
				22B4290C27C9CC4F00E73626 /* flixsterTests */,
				22B4291627C9CC4F00E73626 /* flixsterUITests */,
			);
		};
/* End PBXProject section */

/* Begin PBXResourcesBuildPhase section */
		22B428F527C9CC4E00E73626 /* Resources */ = {
			isa = PBXResourcesBuildPhase;
			buildActionMask = 2147483647;
			files = (
				22B4290727C9CC4F00E73626 /* LaunchScreen.storyboard in Resources */,
				22B4290427C9CC4F00E73626 /* Assets.xcassets in Resources */,
				22B4290227C9CC4E00E73626 /* Main.storyboard in Resources */,
			);
			runOnlyForDeploymentPostprocessing = 0;
		};
		22B4290B27C9CC4F00E73626 /* Resources */ = {
			isa = PBXResourcesBuildPhase;
			buildActionMask = 2147483647;
			files = (
			);
			runOnlyForDeploymentPostprocessing = 0;
		};
		22B4291527C9CC4F00E73626 /* Resources */ = {
			isa = PBXResourcesBuildPhase;
			buildActionMask = 2147483647;
			files = (
			);
			runOnlyForDeploymentPostprocessing = 0;
		};
/* End PBXResourcesBuildPhase section */

/* Begin PBXShellScriptBuildPhase section */
		56A7467731F378D38A1F5D40 /* [CP] Check Pods Manifest.lock */ = {
			isa = PBXShellScriptBuildPhase;
			buildActionMask = 2147483647;
			files = (
			);
			inputFileListPaths = (
			);
			inputPaths = (
				"${PODS_PODFILE_DIR_PATH}/Podfile.lock",
				"${PODS_ROOT}/Manifest.lock",
			);
			name = "[CP] Check Pods Manifest.lock";
			outputFileListPaths = (
			);
			outputPaths = (
				"$(DERIVED_FILE_DIR)/Pods-flixster-flixsterUITests-checkManifestLockResult.txt",
			);
			runOnlyForDeploymentPostprocessing = 0;
			shellPath = /bin/sh;
			shellScript = "diff \"${PODS_PODFILE_DIR_PATH}/Podfile.lock\" \"${PODS_ROOT}/Manifest.lock\" > /dev/null\nif [ $? != 0 ] ; then\n    # print error to STDERR\n    echo \"error: The sandbox is not in sync with the Podfile.lock. Run 'pod install' or update your CocoaPods installation.\" >&2\n    exit 1\nfi\n# This output is used by Xcode 'outputs' to avoid re-running this script phase.\necho \"SUCCESS\" > \"${SCRIPT_OUTPUT_FILE_0}\"\n";
			showEnvVarsInLog = 0;
		};
		5812427BC1BA8848ABE0D08F /* [CP] Embed Pods Frameworks */ = {
			isa = PBXShellScriptBuildPhase;
			buildActionMask = 2147483647;
			files = (
			);
			inputFileListPaths = (
				"${PODS_ROOT}/Target Support Files/Pods-flixster/Pods-flixster-frameworks-${CONFIGURATION}-input-files.xcfilelist",
			);
			name = "[CP] Embed Pods Frameworks";
			outputFileListPaths = (
				"${PODS_ROOT}/Target Support Files/Pods-flixster/Pods-flixster-frameworks-${CONFIGURATION}-output-files.xcfilelist",
			);
			runOnlyForDeploymentPostprocessing = 0;
			shellPath = /bin/sh;
			shellScript = "\"${PODS_ROOT}/Target Support Files/Pods-flixster/Pods-flixster-frameworks.sh\"\n";
			showEnvVarsInLog = 0;
		};
		851FD4BFB614E4D1EFF89D68 /* [CP] Check Pods Manifest.lock */ = {
			isa = PBXShellScriptBuildPhase;
			buildActionMask = 2147483647;
			files = (
			);
			inputFileListPaths = (
			);
			inputPaths = (
				"${PODS_PODFILE_DIR_PATH}/Podfile.lock",
				"${PODS_ROOT}/Manifest.lock",
			);
			name = "[CP] Check Pods Manifest.lock";
			outputFileListPaths = (
			);
			outputPaths = (
				"$(DERIVED_FILE_DIR)/Pods-flixster-checkManifestLockResult.txt",
			);
			runOnlyForDeploymentPostprocessing = 0;
			shellPath = /bin/sh;
			shellScript = "diff \"${PODS_PODFILE_DIR_PATH}/Podfile.lock\" \"${PODS_ROOT}/Manifest.lock\" > /dev/null\nif [ $? != 0 ] ; then\n    # print error to STDERR\n    echo \"error: The sandbox is not in sync with the Podfile.lock. Run 'pod install' or update your CocoaPods installation.\" >&2\n    exit 1\nfi\n# This output is used by Xcode 'outputs' to avoid re-running this script phase.\necho \"SUCCESS\" > \"${SCRIPT_OUTPUT_FILE_0}\"\n";
			showEnvVarsInLog = 0;
		};
		96B77D8C87FC8ECFB43BAFCB /* [CP] Check Pods Manifest.lock */ = {
			isa = PBXShellScriptBuildPhase;
			buildActionMask = 2147483647;
			files = (
			);
			inputFileListPaths = (
			);
			inputPaths = (
				"${PODS_PODFILE_DIR_PATH}/Podfile.lock",
				"${PODS_ROOT}/Manifest.lock",
			);
			name = "[CP] Check Pods Manifest.lock";
			outputFileListPaths = (
			);
			outputPaths = (
				"$(DERIVED_FILE_DIR)/Pods-flixsterTests-checkManifestLockResult.txt",
			);
			runOnlyForDeploymentPostprocessing = 0;
			shellPath = /bin/sh;
			shellScript = "diff \"${PODS_PODFILE_DIR_PATH}/Podfile.lock\" \"${PODS_ROOT}/Manifest.lock\" > /dev/null\nif [ $? != 0 ] ; then\n    # print error to STDERR\n    echo \"error: The sandbox is not in sync with the Podfile.lock. Run 'pod install' or update your CocoaPods installation.\" >&2\n    exit 1\nfi\n# This output is used by Xcode 'outputs' to avoid re-running this script phase.\necho \"SUCCESS\" > \"${SCRIPT_OUTPUT_FILE_0}\"\n";
			showEnvVarsInLog = 0;
		};
		D180AE8C0348B5156E647C93 /* [CP] Embed Pods Frameworks */ = {
			isa = PBXShellScriptBuildPhase;
			buildActionMask = 2147483647;
			files = (
			);
			inputFileListPaths = (
				"${PODS_ROOT}/Target Support Files/Pods-flixster-flixsterUITests/Pods-flixster-flixsterUITests-frameworks-${CONFIGURATION}-input-files.xcfilelist",
			);
			name = "[CP] Embed Pods Frameworks";
			outputFileListPaths = (
				"${PODS_ROOT}/Target Support Files/Pods-flixster-flixsterUITests/Pods-flixster-flixsterUITests-frameworks-${CONFIGURATION}-output-files.xcfilelist",
			);
			runOnlyForDeploymentPostprocessing = 0;
			shellPath = /bin/sh;
			shellScript = "\"${PODS_ROOT}/Target Support Files/Pods-flixster-flixsterUITests/Pods-flixster-flixsterUITests-frameworks.sh\"\n";
			showEnvVarsInLog = 0;
		};
/* End PBXShellScriptBuildPhase section */

/* Begin PBXSourcesBuildPhase section */
		22B428F327C9CC4E00E73626 /* Sources */ = {
			isa = PBXSourcesBuildPhase;
			buildActionMask = 2147483647;
			files = (
				22B428FF27C9CC4E00E73626 /* ViewController.swift in Sources */,
				22B428FB27C9CC4E00E73626 /* AppDelegate.swift in Sources */,
				2231C3BE27CEBDCD0055D090 /* MovieDetailsViewController.swift in Sources */,
				225374AA27CF24B2001D872A /* MovieGridViewController.swift in Sources */,
				225374AC27CF2B7B001D872A /* MovieGridCell.swift in Sources */,
				22B428FD27C9CC4E00E73626 /* SceneDelegate.swift in Sources */,
				22B4292F27C9D3BF00E73626 /* MovieCell.swift in Sources */,
				22B4292B27C9CF2E00E73626 /* MoviesViewController.swift in Sources */,
			);
			runOnlyForDeploymentPostprocessing = 0;
		};
		22B4290927C9CC4F00E73626 /* Sources */ = {
			isa = PBXSourcesBuildPhase;
			buildActionMask = 2147483647;
			files = (
				22B4291227C9CC4F00E73626 /* flixsterTests.swift in Sources */,
			);
			runOnlyForDeploymentPostprocessing = 0;
		};
		22B4291327C9CC4F00E73626 /* Sources */ = {
			isa = PBXSourcesBuildPhase;
			buildActionMask = 2147483647;
			files = (
				22B4291E27C9CC4F00E73626 /* flixsterUITestsLaunchTests.swift in Sources */,
				22B4291C27C9CC4F00E73626 /* flixsterUITests.swift in Sources */,
			);
			runOnlyForDeploymentPostprocessing = 0;
		};
/* End PBXSourcesBuildPhase section */

/* Begin PBXTargetDependency section */
		22B4290F27C9CC4F00E73626 /* PBXTargetDependency */ = {
			isa = PBXTargetDependency;
			target = 22B428F627C9CC4E00E73626 /* flixster */;
			targetProxy = 22B4290E27C9CC4F00E73626 /* PBXContainerItemProxy */;
		};
		22B4291927C9CC4F00E73626 /* PBXTargetDependency */ = {
			isa = PBXTargetDependency;
			target = 22B428F627C9CC4E00E73626 /* flixster */;
			targetProxy = 22B4291827C9CC4F00E73626 /* PBXContainerItemProxy */;
		};
/* End PBXTargetDependency section */

/* Begin PBXVariantGroup section */
		22B4290027C9CC4E00E73626 /* Main.storyboard */ = {
			isa = PBXVariantGroup;
			children = (
				22B4290127C9CC4E00E73626 /* Base */,
			);
			name = Main.storyboard;
			sourceTree = "<group>";
		};
		22B4290527C9CC4F00E73626 /* LaunchScreen.storyboard */ = {
			isa = PBXVariantGroup;
			children = (
				22B4290627C9CC4F00E73626 /* Base */,
			);
			name = LaunchScreen.storyboard;
			sourceTree = "<group>";
		};
/* End PBXVariantGroup section */

/* Begin XCBuildConfiguration section */
		22B4291F27C9CC4F00E73626 /* Debug */ = {
			isa = XCBuildConfiguration;
			buildSettings = {
				ALWAYS_SEARCH_USER_PATHS = NO;
				CLANG_ANALYZER_NONNULL = YES;
				CLANG_ANALYZER_NUMBER_OBJECT_CONVERSION = YES_AGGRESSIVE;
				CLANG_CXX_LANGUAGE_STANDARD = "gnu++17";
				CLANG_CXX_LIBRARY = "libc++";
				CLANG_ENABLE_MODULES = YES;
				CLANG_ENABLE_OBJC_ARC = YES;
				CLANG_ENABLE_OBJC_WEAK = YES;
				CLANG_WARN_BLOCK_CAPTURE_AUTORELEASING = YES;
				CLANG_WARN_BOOL_CONVERSION = YES;
				CLANG_WARN_COMMA = YES;
				CLANG_WARN_CONSTANT_CONVERSION = YES;
				CLANG_WARN_DEPRECATED_OBJC_IMPLEMENTATIONS = YES;
				CLANG_WARN_DIRECT_OBJC_ISA_USAGE = YES_ERROR;
				CLANG_WARN_DOCUMENTATION_COMMENTS = YES;
				CLANG_WARN_EMPTY_BODY = YES;
				CLANG_WARN_ENUM_CONVERSION = YES;
				CLANG_WARN_INFINITE_RECURSION = YES;
				CLANG_WARN_INT_CONVERSION = YES;
				CLANG_WARN_NON_LITERAL_NULL_CONVERSION = YES;
				CLANG_WARN_OBJC_IMPLICIT_RETAIN_SELF = YES;
				CLANG_WARN_OBJC_LITERAL_CONVERSION = YES;
				CLANG_WARN_OBJC_ROOT_CLASS = YES_ERROR;
				CLANG_WARN_QUOTED_INCLUDE_IN_FRAMEWORK_HEADER = YES;
				CLANG_WARN_RANGE_LOOP_ANALYSIS = YES;
				CLANG_WARN_STRICT_PROTOTYPES = YES;
				CLANG_WARN_SUSPICIOUS_MOVE = YES;
				CLANG_WARN_UNGUARDED_AVAILABILITY = YES_AGGRESSIVE;
				CLANG_WARN_UNREACHABLE_CODE = YES;
				CLANG_WARN__DUPLICATE_METHOD_MATCH = YES;
				COPY_PHASE_STRIP = NO;
				DEBUG_INFORMATION_FORMAT = dwarf;
				ENABLE_STRICT_OBJC_MSGSEND = YES;
				ENABLE_TESTABILITY = YES;
				GCC_C_LANGUAGE_STANDARD = gnu11;
				GCC_DYNAMIC_NO_PIC = NO;
				GCC_NO_COMMON_BLOCKS = YES;
				GCC_OPTIMIZATION_LEVEL = 0;
				GCC_PREPROCESSOR_DEFINITIONS = (
					"DEBUG=1",
					"$(inherited)",
				);
				GCC_WARN_64_TO_32_BIT_CONVERSION = YES;
				GCC_WARN_ABOUT_RETURN_TYPE = YES_ERROR;
				GCC_WARN_UNDECLARED_SELECTOR = YES;
				GCC_WARN_UNINITIALIZED_AUTOS = YES_AGGRESSIVE;
				GCC_WARN_UNUSED_FUNCTION = YES;
				GCC_WARN_UNUSED_VARIABLE = YES;
				IPHONEOS_DEPLOYMENT_TARGET = 15.2;
				MTL_ENABLE_DEBUG_INFO = INCLUDE_SOURCE;
				MTL_FAST_MATH = YES;
				ONLY_ACTIVE_ARCH = YES;
				SDKROOT = iphoneos;
				SWIFT_ACTIVE_COMPILATION_CONDITIONS = DEBUG;
				SWIFT_OPTIMIZATION_LEVEL = "-Onone";
			};
			name = Debug;
		};
		22B4292027C9CC4F00E73626 /* Release */ = {
			isa = XCBuildConfiguration;
			buildSettings = {
				ALWAYS_SEARCH_USER_PATHS = NO;
				CLANG_ANALYZER_NONNULL = YES;
				CLANG_ANALYZER_NUMBER_OBJECT_CONVERSION = YES_AGGRESSIVE;
				CLANG_CXX_LANGUAGE_STANDARD = "gnu++17";
				CLANG_CXX_LIBRARY = "libc++";
				CLANG_ENABLE_MODULES = YES;
				CLANG_ENABLE_OBJC_ARC = YES;
				CLANG_ENABLE_OBJC_WEAK = YES;
				CLANG_WARN_BLOCK_CAPTURE_AUTORELEASING = YES;
				CLANG_WARN_BOOL_CONVERSION = YES;
				CLANG_WARN_COMMA = YES;
				CLANG_WARN_CONSTANT_CONVERSION = YES;
				CLANG_WARN_DEPRECATED_OBJC_IMPLEMENTATIONS = YES;
				CLANG_WARN_DIRECT_OBJC_ISA_USAGE = YES_ERROR;
				CLANG_WARN_DOCUMENTATION_COMMENTS = YES;
				CLANG_WARN_EMPTY_BODY = YES;
				CLANG_WARN_ENUM_CONVERSION = YES;
				CLANG_WARN_INFINITE_RECURSION = YES;
				CLANG_WARN_INT_CONVERSION = YES;
				CLANG_WARN_NON_LITERAL_NULL_CONVERSION = YES;
				CLANG_WARN_OBJC_IMPLICIT_RETAIN_SELF = YES;
				CLANG_WARN_OBJC_LITERAL_CONVERSION = YES;
				CLANG_WARN_OBJC_ROOT_CLASS = YES_ERROR;
				CLANG_WARN_QUOTED_INCLUDE_IN_FRAMEWORK_HEADER = YES;
				CLANG_WARN_RANGE_LOOP_ANALYSIS = YES;
				CLANG_WARN_STRICT_PROTOTYPES = YES;
				CLANG_WARN_SUSPICIOUS_MOVE = YES;
				CLANG_WARN_UNGUARDED_AVAILABILITY = YES_AGGRESSIVE;
				CLANG_WARN_UNREACHABLE_CODE = YES;
				CLANG_WARN__DUPLICATE_METHOD_MATCH = YES;
				COPY_PHASE_STRIP = NO;
				DEBUG_INFORMATION_FORMAT = "dwarf-with-dsym";
				ENABLE_NS_ASSERTIONS = NO;
				ENABLE_STRICT_OBJC_MSGSEND = YES;
				GCC_C_LANGUAGE_STANDARD = gnu11;
				GCC_NO_COMMON_BLOCKS = YES;
				GCC_WARN_64_TO_32_BIT_CONVERSION = YES;
				GCC_WARN_ABOUT_RETURN_TYPE = YES_ERROR;
				GCC_WARN_UNDECLARED_SELECTOR = YES;
				GCC_WARN_UNINITIALIZED_AUTOS = YES_AGGRESSIVE;
				GCC_WARN_UNUSED_FUNCTION = YES;
				GCC_WARN_UNUSED_VARIABLE = YES;
				IPHONEOS_DEPLOYMENT_TARGET = 15.2;
				MTL_ENABLE_DEBUG_INFO = NO;
				MTL_FAST_MATH = YES;
				SDKROOT = iphoneos;
				SWIFT_COMPILATION_MODE = wholemodule;
				SWIFT_OPTIMIZATION_LEVEL = "-O";
				VALIDATE_PRODUCT = YES;
			};
			name = Release;
		};
		22B4292227C9CC4F00E73626 /* Debug */ = {
			isa = XCBuildConfiguration;
			baseConfigurationReference = 1DC929A912A9D6AA6C97B135 /* Pods-flixster.debug.xcconfig */;
			buildSettings = {
				ASSETCATALOG_COMPILER_APPICON_NAME = AppIcon;
				ASSETCATALOG_COMPILER_GLOBAL_ACCENT_COLOR_NAME = AccentColor;
				CODE_SIGN_STYLE = Automatic;
				CURRENT_PROJECT_VERSION = 1;
				DEVELOPMENT_TEAM = 8CNF2B5HAQ;
				GENERATE_INFOPLIST_FILE = YES;
				INFOPLIST_FILE = flixster/Info.plist;
				INFOPLIST_KEY_UIApplicationSupportsIndirectInputEvents = YES;
				INFOPLIST_KEY_UILaunchStoryboardName = LaunchScreen;
				INFOPLIST_KEY_UIMainStoryboardFile = Main;
				INFOPLIST_KEY_UISupportedInterfaceOrientations_iPad = "UIInterfaceOrientationPortrait UIInterfaceOrientationPortraitUpsideDown UIInterfaceOrientationLandscapeLeft UIInterfaceOrientationLandscapeRight";
				INFOPLIST_KEY_UISupportedInterfaceOrientations_iPhone = "UIInterfaceOrientationPortrait UIInterfaceOrientationLandscapeLeft UIInterfaceOrientationLandscapeRight";
				LD_RUNPATH_SEARCH_PATHS = (
					"$(inherited)",
					"@executable_path/Frameworks",
				);
				MARKETING_VERSION = 1.0;
				PRODUCT_BUNDLE_IDENTIFIER = com.shah1234hetvi.flixster;
				PRODUCT_NAME = "$(TARGET_NAME)";
				SWIFT_EMIT_LOC_STRINGS = YES;
				SWIFT_VERSION = 5.0;
				TARGETED_DEVICE_FAMILY = "1,2";
			};
			name = Debug;
		};
		22B4292327C9CC4F00E73626 /* Release */ = {
			isa = XCBuildConfiguration;
			baseConfigurationReference = 15F4A40B62DF8D33868AA1C1 /* Pods-flixster.release.xcconfig */;
			buildSettings = {
				ASSETCATALOG_COMPILER_APPICON_NAME = AppIcon;
				ASSETCATALOG_COMPILER_GLOBAL_ACCENT_COLOR_NAME = AccentColor;
				CODE_SIGN_STYLE = Automatic;
				CURRENT_PROJECT_VERSION = 1;
				DEVELOPMENT_TEAM = 8CNF2B5HAQ;
				GENERATE_INFOPLIST_FILE = YES;
				INFOPLIST_FILE = flixster/Info.plist;
				INFOPLIST_KEY_UIApplicationSupportsIndirectInputEvents = YES;
				INFOPLIST_KEY_UILaunchStoryboardName = LaunchScreen;
				INFOPLIST_KEY_UIMainStoryboardFile = Main;
				INFOPLIST_KEY_UISupportedInterfaceOrientations_iPad = "UIInterfaceOrientationPortrait UIInterfaceOrientationPortraitUpsideDown UIInterfaceOrientationLandscapeLeft UIInterfaceOrientationLandscapeRight";
				INFOPLIST_KEY_UISupportedInterfaceOrientations_iPhone = "UIInterfaceOrientationPortrait UIInterfaceOrientationLandscapeLeft UIInterfaceOrientationLandscapeRight";
				LD_RUNPATH_SEARCH_PATHS = (
					"$(inherited)",
					"@executable_path/Frameworks",
				);
				MARKETING_VERSION = 1.0;
				PRODUCT_BUNDLE_IDENTIFIER = com.shah1234hetvi.flixster;
				PRODUCT_NAME = "$(TARGET_NAME)";
				SWIFT_EMIT_LOC_STRINGS = YES;
				SWIFT_VERSION = 5.0;
				TARGETED_DEVICE_FAMILY = "1,2";
			};
			name = Release;
		};
		22B4292527C9CC4F00E73626 /* Debug */ = {
			isa = XCBuildConfiguration;
			baseConfigurationReference = C4E598EFB5134B62D49EF6E2 /* Pods-flixsterTests.debug.xcconfig */;
			buildSettings = {
				ALWAYS_EMBED_SWIFT_STANDARD_LIBRARIES = YES;
				BUNDLE_LOADER = "$(TEST_HOST)";
				CODE_SIGN_STYLE = Automatic;
				CURRENT_PROJECT_VERSION = 1;
				DEVELOPMENT_TEAM = 8CNF2B5HAQ;
				GENERATE_INFOPLIST_FILE = YES;
				IPHONEOS_DEPLOYMENT_TARGET = 15.2;
				MARKETING_VERSION = 1.0;
				PRODUCT_BUNDLE_IDENTIFIER = com.shah1234hetvi.flixsterTests;
				PRODUCT_NAME = "$(TARGET_NAME)";
				SWIFT_EMIT_LOC_STRINGS = NO;
				SWIFT_VERSION = 5.0;
				TARGETED_DEVICE_FAMILY = "1,2";
				TEST_HOST = "$(BUILT_PRODUCTS_DIR)/flixster.app/flixster";
			};
			name = Debug;
		};
		22B4292627C9CC4F00E73626 /* Release */ = {
			isa = XCBuildConfiguration;
			baseConfigurationReference = A79992B302A668F95798F5F6 /* Pods-flixsterTests.release.xcconfig */;
			buildSettings = {
				ALWAYS_EMBED_SWIFT_STANDARD_LIBRARIES = YES;
				BUNDLE_LOADER = "$(TEST_HOST)";
				CODE_SIGN_STYLE = Automatic;
				CURRENT_PROJECT_VERSION = 1;
				DEVELOPMENT_TEAM = 8CNF2B5HAQ;
				GENERATE_INFOPLIST_FILE = YES;
				IPHONEOS_DEPLOYMENT_TARGET = 15.2;
				MARKETING_VERSION = 1.0;
				PRODUCT_BUNDLE_IDENTIFIER = com.shah1234hetvi.flixsterTests;
				PRODUCT_NAME = "$(TARGET_NAME)";
				SWIFT_EMIT_LOC_STRINGS = NO;
				SWIFT_VERSION = 5.0;
				TARGETED_DEVICE_FAMILY = "1,2";
				TEST_HOST = "$(BUILT_PRODUCTS_DIR)/flixster.app/flixster";
			};
			name = Release;
		};
		22B4292827C9CC4F00E73626 /* Debug */ = {
			isa = XCBuildConfiguration;
			baseConfigurationReference = D24026414C7171F18FF70313 /* Pods-flixster-flixsterUITests.debug.xcconfig */;
			buildSettings = {
				ALWAYS_EMBED_SWIFT_STANDARD_LIBRARIES = YES;
				CODE_SIGN_STYLE = Automatic;
				CURRENT_PROJECT_VERSION = 1;
				DEVELOPMENT_TEAM = 8CNF2B5HAQ;
				GENERATE_INFOPLIST_FILE = YES;
				MARKETING_VERSION = 1.0;
				PRODUCT_BUNDLE_IDENTIFIER = com.shah1234hetvi.flixsterUITests;
				PRODUCT_NAME = "$(TARGET_NAME)";
				SWIFT_EMIT_LOC_STRINGS = NO;
				SWIFT_VERSION = 5.0;
				TARGETED_DEVICE_FAMILY = "1,2";
				TEST_TARGET_NAME = flixster;
			};
			name = Debug;
		};
		22B4292927C9CC4F00E73626 /* Release */ = {
			isa = XCBuildConfiguration;
			baseConfigurationReference = B97E2865848A271125A6FEBC /* Pods-flixster-flixsterUITests.release.xcconfig */;
			buildSettings = {
				ALWAYS_EMBED_SWIFT_STANDARD_LIBRARIES = YES;
				CODE_SIGN_STYLE = Automatic;
				CURRENT_PROJECT_VERSION = 1;
				DEVELOPMENT_TEAM = 8CNF2B5HAQ;
				GENERATE_INFOPLIST_FILE = YES;
				MARKETING_VERSION = 1.0;
				PRODUCT_BUNDLE_IDENTIFIER = com.shah1234hetvi.flixsterUITests;
				PRODUCT_NAME = "$(TARGET_NAME)";
				SWIFT_EMIT_LOC_STRINGS = NO;
				SWIFT_VERSION = 5.0;
				TARGETED_DEVICE_FAMILY = "1,2";
				TEST_TARGET_NAME = flixster;
			};
			name = Release;
		};
/* End XCBuildConfiguration section */

/* Begin XCConfigurationList section */
		22B428F227C9CC4E00E73626 /* Build configuration list for PBXProject "flixster" */ = {
			isa = XCConfigurationList;
			buildConfigurations = (
				22B4291F27C9CC4F00E73626 /* Debug */,
				22B4292027C9CC4F00E73626 /* Release */,
			);
			defaultConfigurationIsVisible = 0;
			defaultConfigurationName = Release;
		};
		22B4292127C9CC4F00E73626 /* Build configuration list for PBXNativeTarget "flixster" */ = {
			isa = XCConfigurationList;
			buildConfigurations = (
				22B4292227C9CC4F00E73626 /* Debug */,
				22B4292327C9CC4F00E73626 /* Release */,
			);
			defaultConfigurationIsVisible = 0;
			defaultConfigurationName = Release;
		};
		22B4292427C9CC4F00E73626 /* Build configuration list for PBXNativeTarget "flixsterTests" */ = {
			isa = XCConfigurationList;
			buildConfigurations = (
				22B4292527C9CC4F00E73626 /* Debug */,
				22B4292627C9CC4F00E73626 /* Release */,
			);
			defaultConfigurationIsVisible = 0;
			defaultConfigurationName = Release;
		};
		22B4292727C9CC4F00E73626 /* Build configuration list for PBXNativeTarget "flixsterUITests" */ = {
			isa = XCConfigurationList;
			buildConfigurations = (
				22B4292827C9CC4F00E73626 /* Debug */,
				22B4292927C9CC4F00E73626 /* Release */,
			);
			defaultConfigurationIsVisible = 0;
			defaultConfigurationName = Release;
		};
/* End XCConfigurationList section */
	};
	rootObject = 22B428EF27C9CC4E00E73626 /* Project object */;
}
